
Microsoft Visual Studio Solution File, Format Version 12.00
# Visual Studio Version 16
VisualStudioVersion = 16.0.30128.74
MinimumVisualStudioVersion = 10.0.40219.1
Project("{FAE04EC0-301F-11D3-BF4B-00C04F79EFBC}") = "OnlineEvaluation", "OnlineEvaluation\OnlineEvaluation.csproj", "{1F34FC0B-7ADF-4FD3-A30E-9A6260D52CCF}"
EndProject
Global
	GlobalSection(SolutionConfigurationPlatforms) = preSolution
		Debug|Any CPU = Debug|Any CPU
		Release|Any CPU = Release|Any CPU
	EndGlobalSection
	GlobalSection(ProjectConfigurationPlatforms) = postSolution
		{1F34FC0B-7ADF-4FD3-A30E-9A6260D52CCF}.Debug|Any CPU.ActiveCfg = Debug|Any CPU
		{1F34FC0B-7ADF-4FD3-A30E-9A6260D52CCF}.Debug|Any CPU.Build.0 = Debug|Any CPU
		{1F34FC0B-7ADF-4FD3-A30E-9A6260D52CCF}.Release|Any CPU.ActiveCfg = Release|Any CPU
		{1F34FC0B-7ADF-4FD3-A30E-9A6260D52CCF}.Release|Any CPU.Build.0 = Release|Any CPU
	EndGlobalSection
	GlobalSection(SolutionProperties) = preSolution
		HideSolutionNode = FALSE
	EndGlobalSection
	GlobalSection(ExtensibilityGlobals) = postSolution
		SolutionGuid = {F6C6ED58-6B3A-424B-8E3B-DF2D23E51133}
	EndGlobalSection
EndGlobal
